
Microsoft Visual Studio Solution File, Format Version 12.00
# Visual Studio 15
VisualStudioVersion = 15.0.28307.168
MinimumVisualStudioVersion = 10.0.40219.1
Project("{FAE04EC0-301F-11D3-BF4B-00C04F79EFBC}") = "PhotoAlbum", "PhotoAlbum\PhotoAlbum.csproj", "{3E7CF236-910A-46AA-8A65-3E75471AF2DD}"
EndProject
Project("{FAE04EC0-301F-11D3-BF4B-00C04F79EFBC}") = "PhotoAlbum.UnitTest", "PhotoAlbum.UnitTest\PhotoAlbum.UnitTest.csproj", "{53AE5B7B-F165-4892-ACC4-C7ABE9286E1B}"
EndProject
Global
	GlobalSection(SolutionConfigurationPlatforms) = preSolution
		Debug|Any CPU = Debug|Any CPU
		Release|Any CPU = Release|Any CPU
	EndGlobalSection
	GlobalSection(ProjectConfigurationPlatforms) = postSolution
		{3E7CF236-910A-46AA-8A65-3E75471AF2DD}.Debug|Any CPU.ActiveCfg = Debug|Any CPU
		{3E7CF236-910A-46AA-8A65-3E75471AF2DD}.Debug|Any CPU.Build.0 = Debug|Any CPU
		{3E7CF236-910A-46AA-8A65-3E75471AF2DD}.Release|Any CPU.ActiveCfg = Release|Any CPU
		{3E7CF236-910A-46AA-8A65-3E75471AF2DD}.Release|Any CPU.Build.0 = Release|Any CPU
		{53AE5B7B-F165-4892-ACC4-C7ABE9286E1B}.Debug|Any CPU.ActiveCfg = Debug|Any CPU
		{53AE5B7B-F165-4892-ACC4-C7ABE9286E1B}.Debug|Any CPU.Build.0 = Debug|Any CPU
		{53AE5B7B-F165-4892-ACC4-C7ABE9286E1B}.Release|Any CPU.ActiveCfg = Release|Any CPU
		{53AE5B7B-F165-4892-ACC4-C7ABE9286E1B}.Release|Any CPU.Build.0 = Release|Any CPU
	EndGlobalSection
	GlobalSection(SolutionProperties) = preSolution
		HideSolutionNode = FALSE
	EndGlobalSection
	GlobalSection(ExtensibilityGlobals) = postSolution
		SolutionGuid = {D28C3578-27B2-4703-8FA1-2271DAE58513}
	EndGlobalSection
EndGlobal
